# This file is automatically @generated by Cargo.
# It is not intended for manual editing.
version = 4

[[package]]
name = "pokeviewer-core"
version = "0.1.0"

[[package]]
name = "pokeviewer-firmware"
version = "0.1.0"
dependencies = [
 "pokeviewer-core",
]

[[package]]
name = "pokeviewerctl"
version = "0.1.0"

[[package]]
name = "xtask"
version = "0.1.0"
